
Microsoft Visual Studio Solution File, Format Version 12.00
# Visual Studio Version 17
VisualStudioVersion = 17.3.32922.545
MinimumVisualStudioVersion = 10.0.40219.1
Project("{F184B08F-C81C-45F6-A57F-5ABD9991F28F}") = "Directory Monitor", "Directory Monitor.vbproj", "{527AA5DA-6A7D-4305-8F4E-3BA2CCCEC2D1}"
EndProject
Global
	GlobalSection(SolutionConfigurationPlatforms) = preSolution
		Debug|Any CPU = Debug|Any CPU
		Release|Any CPU = Release|Any CPU
	EndGlobalSection
	GlobalSection(ProjectConfigurationPlatforms) = postSolution
		{527AA5DA-6A7D-4305-8F4E-3BA2CCCEC2D1}.Debug|Any CPU.ActiveCfg = Debug|Any CPU
		{527AA5DA-6A7D-4305-8F4E-3BA2CCCEC2D1}.Debug|Any CPU.Build.0 = Debug|Any CPU
		{527AA5DA-6A7D-4305-8F4E-3BA2CCCEC2D1}.Release|Any CPU.ActiveCfg = Release|Any CPU
		{527AA5DA-6A7D-4305-8F4E-3BA2CCCEC2D1}.Release|Any CPU.Build.0 = Release|Any CPU
	EndGlobalSection
	GlobalSection(SolutionProperties) = preSolution
		HideSolutionNode = FALSE
	EndGlobalSection
	GlobalSection(ExtensibilityGlobals) = postSolution
		SolutionGuid = {49DF657D-4D96-4F6C-AA2A-020CEE3926F1}
	EndGlobalSection
EndGlobal
